apiVersion: vendir.k14s.io/v1alpha1
directories:
- contents:
  - git:
      commitTitle: 'feat: added git cliff config and prep release source code task
        (#1)'
      sha: b71d51f8293ef74c23d7ad5ff97c92fa3ea66a2e
    path: .
  path: tasks/vendor
- contents:
  - git:
      commitTitle: 'feat: added git cliff config and prep release source code task
        (#1)'
      sha: b71d51f8293ef74c23d7ad5ff97c92fa3ea66a2e
    path: .
  path: config/vendor
kind: LockConfig
